
Microsoft Visual Studio Solution File, Format Version 12.00
# Visual Studio Version 16
VisualStudioVersion = 16.0.30021.99
MinimumVisualStudioVersion = 10.0.40219.1
Project("{9A19103F-16F7-4668-BE54-9A1E7A4F7556}") = "Civ4", "Civ4\Civ4.csproj", "{4781B9E3-118E-4E67-A7D4-9D302EEF1E13}"
EndProject
Project("{2150E333-8FDC-42A3-9474-1A3956D46DE8}") = "_SolutionItems", "_SolutionItems", "{E867DCEF-1BA5-472C-B4F3-565C0ACEC0B8}"
	ProjectSection(SolutionItems) = preProject
		.editorconfig = .editorconfig
	EndProjectSection
EndProject
Project("{2150E333-8FDC-42A3-9474-1A3956D46DE8}") = "MapGeneration", "MapGeneration", "{84B2B9C8-5969-4555-BD92-011D0C1DED52}"
EndProject
Project("{9A19103F-16F7-4668-BE54-9A1E7A4F7556}") = "Civ4.MapGeneration", "Civ4.MapGeneration\Civ4.MapGeneration.csproj", "{3575A9B4-78AD-4B0B-B391-1510DABA0EC5}"
EndProject
Project("{9A19103F-16F7-4668-BE54-9A1E7A4F7556}") = "Civ4.MapGeneration.Tests", "Civ4.MapGeneration.Tests\Civ4.MapGeneration.Tests.csproj", "{F805C9ED-F3C9-480F-81E6-3BE2C582237D}"
EndProject
Project("{FAE04EC0-301F-11D3-BF4B-00C04F79EFBC}") = "Civ4.MapGeneration.Visualizer", "Civ4.MapGeneration.Visualizer\Civ4.MapGeneration.Visualizer.csproj", "{2882E21B-D729-4944-8294-3D8CEFD387B2}"
EndProject
Global
	GlobalSection(SolutionConfigurationPlatforms) = preSolution
		Debug|Any CPU = Debug|Any CPU
		Release|Any CPU = Release|Any CPU
	EndGlobalSection
	GlobalSection(ProjectConfigurationPlatforms) = postSolution
		{4781B9E3-118E-4E67-A7D4-9D302EEF1E13}.Debug|Any CPU.ActiveCfg = Debug|Any CPU
		{4781B9E3-118E-4E67-A7D4-9D302EEF1E13}.Debug|Any CPU.Build.0 = Debug|Any CPU
		{4781B9E3-118E-4E67-A7D4-9D302EEF1E13}.Release|Any CPU.ActiveCfg = Release|Any CPU
		{4781B9E3-118E-4E67-A7D4-9D302EEF1E13}.Release|Any CPU.Build.0 = Release|Any CPU
		{3575A9B4-78AD-4B0B-B391-1510DABA0EC5}.Debug|Any CPU.ActiveCfg = Debug|Any CPU
		{3575A9B4-78AD-4B0B-B391-1510DABA0EC5}.Debug|Any CPU.Build.0 = Debug|Any CPU
		{3575A9B4-78AD-4B0B-B391-1510DABA0EC5}.Release|Any CPU.ActiveCfg = Release|Any CPU
		{3575A9B4-78AD-4B0B-B391-1510DABA0EC5}.Release|Any CPU.Build.0 = Release|Any CPU
		{F805C9ED-F3C9-480F-81E6-3BE2C582237D}.Debug|Any CPU.ActiveCfg = Debug|Any CPU
		{F805C9ED-F3C9-480F-81E6-3BE2C582237D}.Debug|Any CPU.Build.0 = Debug|Any CPU
		{F805C9ED-F3C9-480F-81E6-3BE2C582237D}.Release|Any CPU.ActiveCfg = Release|Any CPU
		{F805C9ED-F3C9-480F-81E6-3BE2C582237D}.Release|Any CPU.Build.0 = Release|Any CPU
		{2882E21B-D729-4944-8294-3D8CEFD387B2}.Debug|Any CPU.ActiveCfg = Debug|Any CPU
		{2882E21B-D729-4944-8294-3D8CEFD387B2}.Debug|Any CPU.Build.0 = Debug|Any CPU
		{2882E21B-D729-4944-8294-3D8CEFD387B2}.Release|Any CPU.ActiveCfg = Release|Any CPU
		{2882E21B-D729-4944-8294-3D8CEFD387B2}.Release|Any CPU.Build.0 = Release|Any CPU
	EndGlobalSection
	GlobalSection(SolutionProperties) = preSolution
		HideSolutionNode = FALSE
	EndGlobalSection
	GlobalSection(NestedProjects) = preSolution
		{3575A9B4-78AD-4B0B-B391-1510DABA0EC5} = {84B2B9C8-5969-4555-BD92-011D0C1DED52}
		{F805C9ED-F3C9-480F-81E6-3BE2C582237D} = {84B2B9C8-5969-4555-BD92-011D0C1DED52}
		{2882E21B-D729-4944-8294-3D8CEFD387B2} = {84B2B9C8-5969-4555-BD92-011D0C1DED52}
	EndGlobalSection
	GlobalSection(ExtensibilityGlobals) = postSolution
		SolutionGuid = {86381D6B-B0AF-45B4-A2A4-FD79A9D90C10}
	EndGlobalSection
EndGlobal
